
Microsoft Visual Studio Solution File, Format Version 12.00
# Visual Studio Version 16
VisualStudioVersion = 16.0.29709.97
MinimumVisualStudioVersion = 10.0.40219.1
Project("{9A19103F-16F7-4668-BE54-9A1E7A4F7556}") = "UpdateFilesFromFaceBookMetaData", "RenameFilesAddMetaData\UpdateFilesFromFaceBookMetaData.csproj", "{C847AF1F-C8F1-4D34-B3C9-B0C9A88E8BFC}"
EndProject
Global
	GlobalSection(SolutionConfigurationPlatforms) = preSolution
		Debug|Any CPU = Debug|Any CPU
		Release|Any CPU = Release|Any CPU
	EndGlobalSection
	GlobalSection(ProjectConfigurationPlatforms) = postSolution
		{C847AF1F-C8F1-4D34-B3C9-B0C9A88E8BFC}.Debug|Any CPU.ActiveCfg = Debug|Any CPU
		{C847AF1F-C8F1-4D34-B3C9-B0C9A88E8BFC}.Debug|Any CPU.Build.0 = Debug|Any CPU
		{C847AF1F-C8F1-4D34-B3C9-B0C9A88E8BFC}.Release|Any CPU.ActiveCfg = Release|Any CPU
		{C847AF1F-C8F1-4D34-B3C9-B0C9A88E8BFC}.Release|Any CPU.Build.0 = Release|Any CPU
	EndGlobalSection
	GlobalSection(SolutionProperties) = preSolution
		HideSolutionNode = FALSE
	EndGlobalSection
	GlobalSection(ExtensibilityGlobals) = postSolution
		SolutionGuid = {221E0CD7-85B3-4BE3-8268-8D7EE2D6BFD4}
	EndGlobalSection
EndGlobal
